
Microsoft Visual Studio Solution File, Format Version 12.00
# Visual Studio Version 16
VisualStudioVersion = 16.0.30028.174
MinimumVisualStudioVersion = 10.0.40219.1
Project("{FAE04EC0-301F-11D3-BF4B-00C04F79EFBC}") = "LaptopBatteryGraph", "LaptopBatteryGraph\LaptopBatteryGraph.csproj", "{595B0080-3F48-41E5-950B-1BD84ED24F2E}"
EndProject
Project("{2150E333-8FDC-42A3-9474-1A3956D46DE8}") = "Test", "Test", "{D97A95C2-3492-4949-A549-721362E20479}"
EndProject
Project("{FAE04EC0-301F-11D3-BF4B-00C04F79EFBC}") = "TestWinFormsPowerStatus", "Test\TestWinFormsPowerStatus\TestWinFormsPowerStatus.csproj", "{D5EC3B38-4847-4A92-9379-F38FC387711E}"
EndProject
Global
	GlobalSection(SolutionConfigurationPlatforms) = preSolution
		Debug|Any CPU = Debug|Any CPU
		Release|Any CPU = Release|Any CPU
	EndGlobalSection
	GlobalSection(ProjectConfigurationPlatforms) = postSolution
		{595B0080-3F48-41E5-950B-1BD84ED24F2E}.Debug|Any CPU.ActiveCfg = Debug|Any CPU
		{595B0080-3F48-41E5-950B-1BD84ED24F2E}.Debug|Any CPU.Build.0 = Debug|Any CPU
		{595B0080-3F48-41E5-950B-1BD84ED24F2E}.Release|Any CPU.ActiveCfg = Release|Any CPU
		{595B0080-3F48-41E5-950B-1BD84ED24F2E}.Release|Any CPU.Build.0 = Release|Any CPU
		{D5EC3B38-4847-4A92-9379-F38FC387711E}.Debug|Any CPU.ActiveCfg = Debug|Any CPU
		{D5EC3B38-4847-4A92-9379-F38FC387711E}.Debug|Any CPU.Build.0 = Debug|Any CPU
		{D5EC3B38-4847-4A92-9379-F38FC387711E}.Release|Any CPU.ActiveCfg = Release|Any CPU
		{D5EC3B38-4847-4A92-9379-F38FC387711E}.Release|Any CPU.Build.0 = Release|Any CPU
	EndGlobalSection
	GlobalSection(SolutionProperties) = preSolution
		HideSolutionNode = FALSE
	EndGlobalSection
	GlobalSection(NestedProjects) = preSolution
		{D5EC3B38-4847-4A92-9379-F38FC387711E} = {D97A95C2-3492-4949-A549-721362E20479}
	EndGlobalSection
	GlobalSection(ExtensibilityGlobals) = postSolution
		SolutionGuid = {F7F69950-73EE-4365-975D-C70533B79630}
	EndGlobalSection
EndGlobal
